<?xml version="1.0" encoding="UTF-8"?>
<!DOCTYPE plist PUBLIC "-//Apple//DTD PLIST 1.0//EN" "http://www.apple.com/DTDs/PropertyList-1.0.dtd">
<plist version="1.0">
<dict>
	<key>archiveVersion</key>
	<string>1</string>
	<key>classes</key>
	<dict/>
	<key>objectVersion</key>
	<string>46</string>
	<key>objects</key>
	<dict>
		<key>41489CCAE4EC8465923B4D8E</key>
		<dict>
			<key>buildActionMask</key>
			<string>2147483647</string>
			<key>files</key>
			<array/>
			<key>inputPaths</key>
			<array/>
			<key>isa</key>
			<string>PBXShellScriptBuildPhase</string>
			<key>name</key>
			<string>Copy Pods Resources</string>
			<key>outputPaths</key>
			<array/>
			<key>runOnlyForDeploymentPostprocessing</key>
			<string>0</string>
			<key>shellPath</key>
			<string>/bin/sh</string>
			<key>shellScript</key>
			<string>"${SRCROOT}/Pods/Target Support Files/Pods-HGLHorizontalLabelView/Pods-HGLHorizontalLabelView-resources.sh"
</string>
			<key>showEnvVarsInLog</key>
			<string>0</string>
		</dict>
		<key>475763E085D654FD0245D655</key>
		<dict>
			<key>buildActionMask</key>
			<string>2147483647</string>
			<key>files</key>
			<array/>
			<key>inputPaths</key>
			<array/>
			<key>isa</key>
			<string>PBXShellScriptBuildPhase</string>
			<key>name</key>
			<string>Check Pods Manifest.lock</string>
			<key>outputPaths</key>
			<array/>
			<key>runOnlyForDeploymentPostprocessing</key>
			<string>0</string>
			<key>shellPath</key>
			<string>/bin/sh</string>
			<key>shellScript</key>
			<string>diff "${PODS_ROOT}/../Podfile.lock" "${PODS_ROOT}/Manifest.lock" &gt; /dev/null
if [[ $? != 0 ]] ; then
    cat &lt;&lt; EOM
error: The sandbox is not in sync with the Podfile.lock. Run 'pod install' or update your CocoaPods installation.
EOM
    exit 1
fi
</string>
			<key>showEnvVarsInLog</key>
			<string>0</string>
		</dict>
		<key>55339191D2F6A70C21C1BA36</key>
		<dict>
			<key>includeInIndex</key>
			<string>1</string>
			<key>isa</key>
			<string>PBXFileReference</string>
			<key>lastKnownFileType</key>
			<string>text.xcconfig</string>
			<key>name</key>
			<string>Pods-HGLHorizontalLabelView.debug.xcconfig</string>
			<key>path</key>
			<string>Pods/Target Support Files/Pods-HGLHorizontalLabelView/Pods-HGLHorizontalLabelView.debug.xcconfig</string>
			<key>sourceTree</key>
			<string>&lt;group&gt;</string>
		</dict>
		<key>65ABF724E8600CD725B1B81F</key>
		<dict>
			<key>fileRef</key>
			<string>E56802D411E998423F861044</string>
			<key>isa</key>
			<string>PBXBuildFile</string>
		</dict>
		<key>6E8C2E8ECB1B7C367132BB3B</key>
		<dict>
			<key>includeInIndex</key>
			<string>1</string>
			<key>isa</key>
			<string>PBXFileReference</string>
			<key>lastKnownFileType</key>
			<string>text.xcconfig</string>
			<key>name</key>
			<string>Pods-HGLHorizontalLabelView.release.xcconfig</string>
			<key>path</key>
			<string>Pods/Target Support Files/Pods-HGLHorizontalLabelView/Pods-HGLHorizontalLabelView.release.xcconfig</string>
			<key>sourceTree</key>
			<string>&lt;group&gt;</string>
		</dict>
		<key>854B9D3E1E1A3C1D00431AB9</key>
		<dict>
			<key>children</key>
			<array>
				<string>854B9D611E1A44C700431AB9</string>
				<string>854B9D491E1A3C1D00431AB9</string>
				<string>854B9D481E1A3C1D00431AB9</string>
				<string>879BCD74995505F940FAE5E1</string>
				<string>FDD881EA4BBDEA1DAFC971FC</string>
			</array>
			<key>isa</key>
			<string>PBXGroup</string>
			<key>sourceTree</key>
			<string>&lt;group&gt;</string>
		</dict>
		<key>854B9D3F1E1A3C1D00431AB9</key>
		<dict>
			<key>attributes</key>
			<dict>
				<key>LastUpgradeCheck</key>
				<string>0820</string>
				<key>ORGANIZATIONNAME</key>
				<string>&#21382;&#23665;&#22823;&#20122;</string>
				<key>TargetAttributes</key>
				<dict>
					<key>854B9D461E1A3C1D00431AB9</key>
					<dict>
						<key>CreatedOnToolsVersion</key>
						<string>8.2.1</string>
						<key>ProvisioningStyle</key>
						<string>Automatic</string>
					</dict>
				</dict>
			</dict>
			<key>buildConfigurationList</key>
			<string>854B9D421E1A3C1D00431AB9</string>
			<key>compatibilityVersion</key>
			<string>Xcode 3.2</string>
			<key>developmentRegion</key>
			<string>English</string>
			<key>hasScannedForEncodings</key>
			<string>0</string>
			<key>isa</key>
			<string>PBXProject</string>
			<key>knownRegions</key>
			<array>
				<string>en</string>
				<string>Base</string>
			</array>
			<key>mainGroup</key>
			<string>854B9D3E1E1A3C1D00431AB9</string>
			<key>productRefGroup</key>
			<string>854B9D481E1A3C1D00431AB9</string>
			<key>projectDirPath</key>
			<string></string>
			<key>projectReferences</key>
			<array/>
			<key>projectRoot</key>
			<string></string>
			<key>targets</key>
			<array>
				<string>854B9D461E1A3C1D00431AB9</string>
			</array>
		</dict>
		<key>854B9D421E1A3C1D00431AB9</key>
		<dict>
			<key>buildConfigurations</key>
			<array>
				<string>854B9D5C1E1A3C1D00431AB9</string>
				<string>854B9D5D1E1A3C1D00431AB9</string>
			</array>
			<key>defaultConfigurationIsVisible</key>
			<string>0</string>
			<key>defaultConfigurationName</key>
			<string>Release</string>
			<key>isa</key>
			<string>XCConfigurationList</string>
		</dict>
		<key>854B9D431E1A3C1D00431AB9</key>
		<dict>
			<key>buildActionMask</key>
			<string>2147483647</string>
			<key>files</key>
			<array>
				<string>854B9D6D1E1A8DEF00431AB9</string>
				<string>854B9D521E1A3C1D00431AB9</string>
				<string>854B9D4F1E1A3C1D00431AB9</string>
				<string>854B9D4C1E1A3C1D00431AB9</string>
				<string>854B9D6E1E1A8DEF00431AB9</string>
				<string>854B9D6C1E1A8DEF00431AB9</string>
				<string>854B9D6F1E1A8DEF00431AB9</string>
				<string>854B9D731E1A957200431AB9</string>
				<string>854B9D701E1A8DEF00431AB9</string>
			</array>
			<key>isa</key>
			<string>PBXSourcesBuildPhase</string>
			<key>runOnlyForDeploymentPostprocessing</key>
			<string>0</string>
		</dict>
		<key>854B9D441E1A3C1D00431AB9</key>
		<dict>
			<key>buildActionMask</key>
			<string>2147483647</string>
			<key>files</key>
			<array>
				<string>65ABF724E8600CD725B1B81F</string>
			</array>
			<key>isa</key>
			<string>PBXFrameworksBuildPhase</string>
			<key>runOnlyForDeploymentPostprocessing</key>
			<string>0</string>
		</dict>
		<key>854B9D451E1A3C1D00431AB9</key>
		<dict>
			<key>buildActionMask</key>
			<string>2147483647</string>
			<key>files</key>
			<array>
				<string>854B9D5A1E1A3C1D00431AB9</string>
				<string>854B9D571E1A3C1D00431AB9</string>
				<string>854B9D551E1A3C1D00431AB9</string>
			</array>
			<key>isa</key>
			<string>PBXResourcesBuildPhase</string>
			<key>runOnlyForDeploymentPostprocessing</key>
			<string>0</string>
		</dict>
		<key>854B9D461E1A3C1D00431AB9</key>
		<dict>
			<key>buildConfigurationList</key>
			<string>854B9D5E1E1A3C1D00431AB9</string>
			<key>buildPhases</key>
			<array>
				<string>475763E085D654FD0245D655</string>
				<string>854B9D431E1A3C1D00431AB9</string>
				<string>854B9D441E1A3C1D00431AB9</string>
				<string>854B9D451E1A3C1D00431AB9</string>
				<string>DBAE6B5D14E291F4355B439E</string>
				<string>41489CCAE4EC8465923B4D8E</string>
			</array>
			<key>buildRules</key>
			<array/>
			<key>dependencies</key>
			<array/>
			<key>isa</key>
			<string>PBXNativeTarget</string>
			<key>name</key>
			<string>HGLHorizontalLabelView</string>
			<key>productName</key>
			<string>HGLHorizontalLabelView</string>
			<key>productReference</key>
			<string>854B9D471E1A3C1D00431AB9</string>
			<key>productType</key>
			<string>com.apple.product-type.application</string>
		</dict>
		<key>854B9D471E1A3C1D00431AB9</key>
		<dict>
			<key>explicitFileType</key>
			<string>wrapper.application</string>
			<key>includeInIndex</key>
			<string>0</string>
			<key>isa</key>
			<string>PBXFileReference</string>
			<key>path</key>
			<string>HGLHorizontalLabelView.app</string>
			<key>sourceTree</key>
			<string>BUILT_PRODUCTS_DIR</string>
		</dict>
		<key>854B9D481E1A3C1D00431AB9</key>
		<dict>
			<key>children</key>
			<array>
				<string>854B9D471E1A3C1D00431AB9</string>
			</array>
			<key>isa</key>
			<string>PBXGroup</string>
			<key>name</key>
			<string>Products</string>
			<key>sourceTree</key>
			<string>&lt;group&gt;</string>
		</dict>
		<key>854B9D491E1A3C1D00431AB9</key>
		<dict>
			<key>children</key>
			<array>
				<string>854B9D711E1A957200431AB9</string>
				<string>854B9D721E1A957200431AB9</string>
				<string>854B9D4D1E1A3C1D00431AB9</string>
				<string>854B9D4E1E1A3C1D00431AB9</string>
				<string>854B9D501E1A3C1D00431AB9</string>
				<string>854B9D511E1A3C1D00431AB9</string>
				<string>854B9D531E1A3C1D00431AB9</string>
				<string>854B9D561E1A3C1D00431AB9</string>
				<string>854B9D581E1A3C1D00431AB9</string>
				<string>854B9D5B1E1A3C1D00431AB9</string>
				<string>854B9D4A1E1A3C1D00431AB9</string>
			</array>
			<key>isa</key>
			<string>PBXGroup</string>
			<key>path</key>
			<string>HGLHorizontalLabelView</string>
			<key>sourceTree</key>
			<string>&lt;group&gt;</string>
		</dict>
		<key>854B9D4A1E1A3C1D00431AB9</key>
		<dict>
			<key>children</key>
			<array>
				<string>854B9D4B1E1A3C1D00431AB9</string>
			</array>
			<key>isa</key>
			<string>PBXGroup</string>
			<key>name</key>
			<string>Supporting Files</string>
			<key>sourceTree</key>
			<string>&lt;group&gt;</string>
		</dict>
		<key>854B9D4B1E1A3C1D00431AB9</key>
		<dict>
			<key>isa</key>
			<string>PBXFileReference</string>
			<key>lastKnownFileType</key>
			<string>sourcecode.c.objc</string>
			<key>path</key>
			<string>main.m</string>
			<key>sourceTree</key>
			<string>&lt;group&gt;</string>
		</dict>
		<key>854B9D4C1E1A3C1D00431AB9</key>
		<dict>
			<key>fileRef</key>
			<string>854B9D4B1E1A3C1D00431AB9</string>
			<key>isa</key>
			<string>PBXBuildFile</string>
		</dict>
		<key>854B9D4D1E1A3C1D00431AB9</key>
		<dict>
			<key>isa</key>
			<string>PBXFileReference</string>
			<key>lastKnownFileType</key>
			<string>sourcecode.c.h</string>
			<key>path</key>
			<string>AppDelegate.h</string>
			<key>sourceTree</key>
			<string>&lt;group&gt;</string>
		</dict>
		<key>854B9D4E1E1A3C1D00431AB9</key>
		<dict>
			<key>isa</key>
			<string>PBXFileReference</string>
			<key>lastKnownFileType</key>
			<string>sourcecode.c.objc</string>
			<key>path</key>
			<string>AppDelegate.m</string>
			<key>sourceTree</key>
			<string>&lt;group&gt;</string>
		</dict>
		<key>854B9D4F1E1A3C1D00431AB9</key>
		<dict>
			<key>fileRef</key>
			<string>854B9D4E1E1A3C1D00431AB9</string>
			<key>isa</key>
			<string>PBXBuildFile</string>
		</dict>
		<key>854B9D501E1A3C1D00431AB9</key>
		<dict>
			<key>isa</key>
			<string>PBXFileReference</string>
			<key>lastKnownFileType</key>
			<string>sourcecode.c.h</string>
			<key>path</key>
			<string>ViewController.h</string>
			<key>sourceTree</key>
			<string>&lt;group&gt;</string>
		</dict>
		<key>854B9D511E1A3C1D00431AB9</key>
		<dict>
			<key>isa</key>
			<string>PBXFileReference</string>
			<key>lastKnownFileType</key>
			<string>sourcecode.c.objc</string>
			<key>path</key>
			<string>ViewController.m</string>
			<key>sourceTree</key>
			<string>&lt;group&gt;</string>
		</dict>
		<key>854B9D521E1A3C1D00431AB9</key>
		<dict>
			<key>fileRef</key>
			<string>854B9D511E1A3C1D00431AB9</string>
			<key>isa</key>
			<string>PBXBuildFile</string>
		</dict>
		<key>854B9D531E1A3C1D00431AB9</key>
		<dict>
			<key>children</key>
			<array>
				<string>854B9D541E1A3C1D00431AB9</string>
			</array>
			<key>isa</key>
			<string>PBXVariantGroup</string>
			<key>name</key>
			<string>Main.storyboard</string>
			<key>sourceTree</key>
			<string>&lt;group&gt;</string>
		</dict>
		<key>854B9D541E1A3C1D00431AB9</key>
		<dict>
			<key>isa</key>
			<string>PBXFileReference</string>
			<key>lastKnownFileType</key>
			<string>file.storyboard</string>
			<key>name</key>
			<string>Base</string>
			<key>path</key>
			<string>Base.lproj/Main.storyboard</string>
			<key>sourceTree</key>
			<string>&lt;group&gt;</string>
		</dict>
		<key>854B9D551E1A3C1D00431AB9</key>
		<dict>
			<key>fileRef</key>
			<string>854B9D531E1A3C1D00431AB9</string>
			<key>isa</key>
			<string>PBXBuildFile</string>
		</dict>
		<key>854B9D561E1A3C1D00431AB9</key>
		<dict>
			<key>isa</key>
			<string>PBXFileReference</string>
			<key>lastKnownFileType</key>
			<string>folder.assetcatalog</string>
			<key>path</key>
			<string>Assets.xcassets</string>
			<key>sourceTree</key>
			<string>&lt;group&gt;</string>
		</dict>
		<key>854B9D571E1A3C1D00431AB9</key>
		<dict>
			<key>fileRef</key>
			<string>854B9D561E1A3C1D00431AB9</string>
			<key>isa</key>
			<string>PBXBuildFile</string>
		</dict>
		<key>854B9D581E1A3C1D00431AB9</key>
		<dict>
			<key>children</key>
			<array>
				<string>854B9D591E1A3C1D00431AB9</string>
			</array>
			<key>isa</key>
			<string>PBXVariantGroup</string>
			<key>name</key>
			<string>LaunchScreen.storyboard</string>
			<key>sourceTree</key>
			<string>&lt;group&gt;</string>
		</dict>
		<key>854B9D591E1A3C1D00431AB9</key>
		<dict>
			<key>isa</key>
			<string>PBXFileReference</string>
			<key>lastKnownFileType</key>
			<string>file.storyboard</string>
			<key>name</key>
			<string>Base</string>
			<key>path</key>
			<string>Base.lproj/LaunchScreen.storyboard</string>
			<key>sourceTree</key>
			<string>&lt;group&gt;</string>
		</dict>
		<key>854B9D5A1E1A3C1D00431AB9</key>
		<dict>
			<key>fileRef</key>
			<string>854B9D581E1A3C1D00431AB9</string>
			<key>isa</key>
			<string>PBXBuildFile</string>
		</dict>
		<key>854B9D5B1E1A3C1D00431AB9</key>
		<dict>
			<key>isa</key>
			<string>PBXFileReference</string>
			<key>lastKnownFileType</key>
			<string>text.plist.xml</string>
			<key>path</key>
			<string>Info.plist</string>
			<key>sourceTree</key>
			<string>&lt;group&gt;</string>
		</dict>
		<key>854B9D5C1E1A3C1D00431AB9</key>
		<dict>
			<key>buildSettings</key>
			<dict>
				<key>ALWAYS_SEARCH_USER_PATHS</key>
				<string>NO</string>
				<key>CLANG_ANALYZER_NONNULL</key>
				<string>YES</string>
				<key>CLANG_CXX_LANGUAGE_STANDARD</key>
				<string>gnu++0x</string>
				<key>CLANG_CXX_LIBRARY</key>
				<string>libc++</string>
				<key>CLANG_ENABLE_MODULES</key>
				<string>YES</string>
				<key>CLANG_ENABLE_OBJC_ARC</key>
				<string>YES</string>
				<key>CLANG_WARN_BOOL_CONVERSION</key>
				<string>YES</string>
				<key>CLANG_WARN_CONSTANT_CONVERSION</key>
				<string>YES</string>
				<key>CLANG_WARN_DIRECT_OBJC_ISA_USAGE</key>
				<string>YES_ERROR</string>
				<key>CLANG_WARN_DOCUMENTATION_COMMENTS</key>
				<string>YES</string>
				<key>CLANG_WARN_EMPTY_BODY</key>
				<string>YES</string>
				<key>CLANG_WARN_ENUM_CONVERSION</key>
				<string>YES</string>
				<key>CLANG_WARN_INFINITE_RECURSION</key>
				<string>YES</string>
				<key>CLANG_WARN_INT_CONVERSION</key>
				<string>YES</string>
				<key>CLANG_WARN_OBJC_ROOT_CLASS</key>
				<string>YES_ERROR</string>
				<key>CLANG_WARN_SUSPICIOUS_MOVE</key>
				<string>YES</string>
				<key>CLANG_WARN_UNREACHABLE_CODE</key>
				<string>YES</string>
				<key>CLANG_WARN__DUPLICATE_METHOD_MATCH</key>
				<string>YES</string>
				<key>CODE_SIGN_IDENTITY[sdk=iphoneos*]</key>
				<string>iPhone Developer</string>
				<key>COPY_PHASE_STRIP</key>
				<string>NO</string>
				<key>DEBUG_INFORMATION_FORMAT</key>
				<string>dwarf</string>
				<key>ENABLE_STRICT_OBJC_MSGSEND</key>
				<string>YES</string>
				<key>ENABLE_TESTABILITY</key>
				<string>YES</string>
				<key>GCC_C_LANGUAGE_STANDARD</key>
				<string>gnu99</string>
				<key>GCC_DYNAMIC_NO_PIC</key>
				<string>NO</string>
				<key>GCC_NO_COMMON_BLOCKS</key>
				<string>YES</string>
				<key>GCC_OPTIMIZATION_LEVEL</key>
				<string>0</string>
				<key>GCC_PREPROCESSOR_DEFINITIONS</key>
				<array>
					<string>DEBUG=1</string>
					<string>$(inherited)</string>
				</array>
				<key>GCC_WARN_64_TO_32_BIT_CONVERSION</key>
				<string>YES</string>
				<key>GCC_WARN_ABOUT_RETURN_TYPE</key>
				<string>YES_ERROR</string>
				<key>GCC_WARN_UNDECLARED_SELECTOR</key>
				<string>YES</string>
				<key>GCC_WARN_UNINITIALIZED_AUTOS</key>
				<string>YES_AGGRESSIVE</string>
				<key>GCC_WARN_UNUSED_FUNCTION</key>
				<string>YES</string>
				<key>GCC_WARN_UNUSED_VARIABLE</key>
				<string>YES</string>
				<key>IPHONEOS_DEPLOYMENT_TARGET</key>
				<string>10.2</string>
				<key>MTL_ENABLE_DEBUG_INFO</key>
				<string>YES</string>
				<key>ONLY_ACTIVE_ARCH</key>
				<string>YES</string>
				<key>SDKROOT</key>
				<string>iphoneos</string>
			</dict>
			<key>isa</key>
			<string>XCBuildConfiguration</string>
			<key>name</key>
			<string>Debug</string>
		</dict>
		<key>854B9D5D1E1A3C1D00431AB9</key>
		<dict>
			<key>buildSettings</key>
			<dict>
				<key>ALWAYS_SEARCH_USER_PATHS</key>
				<string>NO</string>
				<key>CLANG_ANALYZER_NONNULL</key>
				<string>YES</string>
				<key>CLANG_CXX_LANGUAGE_STANDARD</key>
				<string>gnu++0x</string>
				<key>CLANG_CXX_LIBRARY</key>
				<string>libc++</string>
				<key>CLANG_ENABLE_MODULES</key>
				<string>YES</string>
				<key>CLANG_ENABLE_OBJC_ARC</key>
				<string>YES</string>
				<key>CLANG_WARN_BOOL_CONVERSION</key>
				<string>YES</string>
				<key>CLANG_WARN_CONSTANT_CONVERSION</key>
				<string>YES</string>
				<key>CLANG_WARN_DIRECT_OBJC_ISA_USAGE</key>
				<string>YES_ERROR</string>
				<key>CLANG_WARN_DOCUMENTATION_COMMENTS</key>
				<string>YES</string>
				<key>CLANG_WARN_EMPTY_BODY</key>
				<string>YES</string>
				<key>CLANG_WARN_ENUM_CONVERSION</key>
				<string>YES</string>
				<key>CLANG_WARN_INFINITE_RECURSION</key>
				<string>YES</string>
				<key>CLANG_WARN_INT_CONVERSION</key>
				<string>YES</string>
				<key>CLANG_WARN_OBJC_ROOT_CLASS</key>
				<string>YES_ERROR</string>
				<key>CLANG_WARN_SUSPICIOUS_MOVE</key>
				<string>YES</string>
				<key>CLANG_WARN_UNREACHABLE_CODE</key>
				<string>YES</string>
				<key>CLANG_WARN__DUPLICATE_METHOD_MATCH</key>
				<string>YES</string>
				<key>CODE_SIGN_IDENTITY[sdk=iphoneos*]</key>
				<string>iPhone Developer</string>
				<key>COPY_PHASE_STRIP</key>
				<string>NO</string>
				<key>DEBUG_INFORMATION_FORMAT</key>
				<string>dwarf-with-dsym</string>
				<key>ENABLE_NS_ASSERTIONS</key>
				<string>NO</string>
				<key>ENABLE_STRICT_OBJC_MSGSEND</key>
				<string>YES</string>
				<key>GCC_C_LANGUAGE_STANDARD</key>
				<string>gnu99</string>
				<key>GCC_NO_COMMON_BLOCKS</key>
				<string>YES</string>
				<key>GCC_WARN_64_TO_32_BIT_CONVERSION</key>
				<string>YES</string>
				<key>GCC_WARN_ABOUT_RETURN_TYPE</key>
				<string>YES_ERROR</string>
				<key>GCC_WARN_UNDECLARED_SELECTOR</key>
				<string>YES</string>
				<key>GCC_WARN_UNINITIALIZED_AUTOS</key>
				<string>YES_AGGRESSIVE</string>
				<key>GCC_WARN_UNUSED_FUNCTION</key>
				<string>YES</string>
				<key>GCC_WARN_UNUSED_VARIABLE</key>
				<string>YES</string>
				<key>IPHONEOS_DEPLOYMENT_TARGET</key>
				<string>10.2</string>
				<key>MTL_ENABLE_DEBUG_INFO</key>
				<string>NO</string>
				<key>SDKROOT</key>
				<string>iphoneos</string>
				<key>VALIDATE_PRODUCT</key>
				<string>YES</string>
			</dict>
			<key>isa</key>
			<string>XCBuildConfiguration</string>
			<key>name</key>
			<string>Release</string>
		</dict>
		<key>854B9D5E1E1A3C1D00431AB9</key>
		<dict>
			<key>buildConfigurations</key>
			<array>
				<string>854B9D5F1E1A3C1D00431AB9</string>
				<string>854B9D601E1A3C1D00431AB9</string>
			</array>
			<key>defaultConfigurationIsVisible</key>
			<string>0</string>
			<key>defaultConfigurationName</key>
			<string>Release</string>
			<key>isa</key>
			<string>XCConfigurationList</string>
		</dict>
		<key>854B9D5F1E1A3C1D00431AB9</key>
		<dict>
			<key>baseConfigurationReference</key>
			<string>55339191D2F6A70C21C1BA36</string>
			<key>buildSettings</key>
			<dict>
				<key>ASSETCATALOG_COMPILER_APPICON_NAME</key>
				<string>AppIcon</string>
				<key>INFOPLIST_FILE</key>
				<string>HGLHorizontalLabelView/Info.plist</string>
				<key>LD_RUNPATH_SEARCH_PATHS</key>
				<string>$(inherited) @executable_path/Frameworks</string>
				<key>PRODUCT_BUNDLE_IDENTIFIER</key>
				<string>org.hgl.HGLHorizontalLabelView</string>
				<key>PRODUCT_NAME</key>
				<string>$(TARGET_NAME)</string>
			</dict>
			<key>isa</key>
			<string>XCBuildConfiguration</string>
			<key>name</key>
			<string>Debug</string>
		</dict>
		<key>854B9D601E1A3C1D00431AB9</key>
		<dict>
			<key>baseConfigurationReference</key>
			<string>6E8C2E8ECB1B7C367132BB3B</string>
			<key>buildSettings</key>
			<dict>
				<key>ASSETCATALOG_COMPILER_APPICON_NAME</key>
				<string>AppIcon</string>
				<key>INFOPLIST_FILE</key>
				<string>HGLHorizontalLabelView/Info.plist</string>
				<key>LD_RUNPATH_SEARCH_PATHS</key>
				<string>$(inherited) @executable_path/Frameworks</string>
				<key>PRODUCT_BUNDLE_IDENTIFIER</key>
				<string>org.hgl.HGLHorizontalLabelView</string>
				<key>PRODUCT_NAME</key>
				<string>$(TARGET_NAME)</string>
			</dict>
			<key>isa</key>
			<string>XCBuildConfiguration</string>
			<key>name</key>
			<string>Release</string>
		</dict>
		<key>854B9D611E1A44C700431AB9</key>
		<dict>
			<key>children</key>
			<array>
				<string>854B9D621E1A8DEF00431AB9</string>
				<string>854B9D631E1A8DEF00431AB9</string>
				<string>854B9D641E1A8DEF00431AB9</string>
				<string>854B9D651E1A8DEF00431AB9</string>
				<string>854B9D661E1A8DEF00431AB9</string>
				<string>854B9D671E1A8DEF00431AB9</string>
				<string>854B9D681E1A8DEF00431AB9</string>
				<string>854B9D691E1A8DEF00431AB9</string>
				<string>854B9D6A1E1A8DEF00431AB9</string>
				<string>854B9D6B1E1A8DEF00431AB9</string>
			</array>
			<key>isa</key>
			<string>PBXGroup</string>
			<key>path</key>
			<string>HorizontalLabelView</string>
			<key>sourceTree</key>
			<string>&lt;group&gt;</string>
		</dict>
		<key>854B9D621E1A8DEF00431AB9</key>
		<dict>
			<key>fileEncoding</key>
			<string>4</string>
			<key>isa</key>
			<string>PBXFileReference</string>
			<key>lastKnownFileType</key>
			<string>sourcecode.c.h</string>
			<key>path</key>
			<string>GLCollectionView.h</string>
			<key>sourceTree</key>
			<string>&lt;group&gt;</string>
		</dict>
		<key>854B9D631E1A8DEF00431AB9</key>
		<dict>
			<key>fileEncoding</key>
			<string>4</string>
			<key>isa</key>
			<string>PBXFileReference</string>
			<key>lastKnownFileType</key>
			<string>sourcecode.c.objc</string>
			<key>path</key>
			<string>GLCollectionView.m</string>
			<key>sourceTree</key>
			<string>&lt;group&gt;</string>
		</dict>
		<key>854B9D641E1A8DEF00431AB9</key>
		<dict>
			<key>fileEncoding</key>
			<string>4</string>
			<key>isa</key>
			<string>PBXFileReference</string>
			<key>lastKnownFileType</key>
			<string>sourcecode.c.h</string>
			<key>path</key>
			<string>GLLabelCollectionViewCell.h</string>
			<key>sourceTree</key>
			<string>&lt;group&gt;</string>
		</dict>
		<key>854B9D651E1A8DEF00431AB9</key>
		<dict>
			<key>fileEncoding</key>
			<string>4</string>
			<key>isa</key>
			<string>PBXFileReference</string>
			<key>lastKnownFileType</key>
			<string>sourcecode.c.objc</string>
			<key>path</key>
			<string>GLLabelCollectionViewCell.m</string>
			<key>sourceTree</key>
			<string>&lt;group&gt;</string>
		</dict>
		<key>854B9D661E1A8DEF00431AB9</key>
		<dict>
			<key>fileEncoding</key>
			<string>4</string>
			<key>isa</key>
			<string>PBXFileReference</string>
			<key>lastKnownFileType</key>
			<string>sourcecode.c.h</string>
			<key>path</key>
			<string>GLLabelCustomHeaderView.h</string>
			<key>sourceTree</key>
			<string>&lt;group&gt;</string>
		</dict>
		<key>854B9D671E1A8DEF00431AB9</key>
		<dict>
			<key>fileEncoding</key>
			<string>4</string>
			<key>isa</key>
			<string>PBXFileReference</string>
			<key>lastKnownFileType</key>
			<string>sourcecode.c.objc</string>
			<key>path</key>
			<string>GLLabelCustomHeaderView.m</string>
			<key>sourceTree</key>
			<string>&lt;group&gt;</string>
		</dict>
		<key>854B9D681E1A8DEF00431AB9</key>
		<dict>
			<key>fileEncoding</key>
			<string>4</string>
			<key>isa</key>
			<string>PBXFileReference</string>
			<key>lastKnownFileType</key>
			<string>sourcecode.c.h</string>
			<key>path</key>
			<string>GLLabelTableHeaderView.h</string>
			<key>sourceTree</key>
			<string>&lt;group&gt;</string>
		</dict>
		<key>854B9D691E1A8DEF00431AB9</key>
		<dict>
			<key>fileEncoding</key>
			<string>4</string>
			<key>isa</key>
			<string>PBXFileReference</string>
			<key>lastKnownFileType</key>
			<string>sourcecode.c.objc</string>
			<key>path</key>
			<string>GLLabelTableHeaderView.m</string>
			<key>sourceTree</key>
			<string>&lt;group&gt;</string>
		</dict>
		<key>854B9D6A1E1A8DEF00431AB9</key>
		<dict>
			<key>fileEncoding</key>
			<string>4</string>
			<key>isa</key>
			<string>PBXFileReference</string>
			<key>lastKnownFileType</key>
			<string>sourcecode.c.h</string>
			<key>path</key>
			<string>GLLabelTableViewCell.h</string>
			<key>sourceTree</key>
			<string>&lt;group&gt;</string>
		</dict>
		<key>854B9D6B1E1A8DEF00431AB9</key>
		<dict>
			<key>fileEncoding</key>
			<string>4</string>
			<key>isa</key>
			<string>PBXFileReference</string>
			<key>lastKnownFileType</key>
			<string>sourcecode.c.objc</string>
			<key>path</key>
			<string>GLLabelTableViewCell.m</string>
			<key>sourceTree</key>
			<string>&lt;group&gt;</string>
		</dict>
		<key>854B9D6C1E1A8DEF00431AB9</key>
		<dict>
			<key>fileRef</key>
			<string>854B9D631E1A8DEF00431AB9</string>
			<key>isa</key>
			<string>PBXBuildFile</string>
		</dict>
		<key>854B9D6D1E1A8DEF00431AB9</key>
		<dict>
			<key>fileRef</key>
			<string>854B9D651E1A8DEF00431AB9</string>
			<key>isa</key>
			<string>PBXBuildFile</string>
		</dict>
		<key>854B9D6E1E1A8DEF00431AB9</key>
		<dict>
			<key>fileRef</key>
			<string>854B9D671E1A8DEF00431AB9</string>
			<key>isa</key>
			<string>PBXBuildFile</string>
		</dict>
		<key>854B9D6F1E1A8DEF00431AB9</key>
		<dict>
			<key>fileRef</key>
			<string>854B9D691E1A8DEF00431AB9</string>
			<key>isa</key>
			<string>PBXBuildFile</string>
		</dict>
		<key>854B9D701E1A8DEF00431AB9</key>
		<dict>
			<key>fileRef</key>
			<string>854B9D6B1E1A8DEF00431AB9</string>
			<key>isa</key>
			<string>PBXBuildFile</string>
		</dict>
		<key>854B9D711E1A957200431AB9</key>
		<dict>
			<key>fileEncoding</key>
			<string>4</string>
			<key>isa</key>
			<string>PBXFileReference</string>
			<key>lastKnownFileType</key>
			<string>sourcecode.c.h</string>
			<key>path</key>
			<string>GLViewController.h</string>
			<key>sourceTree</key>
			<string>&lt;group&gt;</string>
		</dict>
		<key>854B9D721E1A957200431AB9</key>
		<dict>
			<key>fileEncoding</key>
			<string>4</string>
			<key>isa</key>
			<string>PBXFileReference</string>
			<key>lastKnownFileType</key>
			<string>sourcecode.c.objc</string>
			<key>path</key>
			<string>GLViewController.m</string>
			<key>sourceTree</key>
			<string>&lt;group&gt;</string>
		</dict>
		<key>854B9D731E1A957200431AB9</key>
		<dict>
			<key>fileRef</key>
			<string>854B9D721E1A957200431AB9</string>
			<key>isa</key>
			<string>PBXBuildFile</string>
		</dict>
		<key>879BCD74995505F940FAE5E1</key>
		<dict>
			<key>children</key>
			<array>
				<string>55339191D2F6A70C21C1BA36</string>
				<string>6E8C2E8ECB1B7C367132BB3B</string>
			</array>
			<key>isa</key>
			<string>PBXGroup</string>
			<key>name</key>
			<string>Pods</string>
			<key>sourceTree</key>
			<string>&lt;group&gt;</string>
		</dict>
		<key>DBAE6B5D14E291F4355B439E</key>
		<dict>
			<key>buildActionMask</key>
			<string>2147483647</string>
			<key>files</key>
			<array/>
			<key>inputPaths</key>
			<array/>
			<key>isa</key>
			<string>PBXShellScriptBuildPhase</string>
			<key>name</key>
			<string>Embed Pods Frameworks</string>
			<key>outputPaths</key>
			<array/>
			<key>runOnlyForDeploymentPostprocessing</key>
			<string>0</string>
			<key>shellPath</key>
			<string>/bin/sh</string>
			<key>shellScript</key>
			<string>"${SRCROOT}/Pods/Target Support Files/Pods-HGLHorizontalLabelView/Pods-HGLHorizontalLabelView-frameworks.sh"
</string>
			<key>showEnvVarsInLog</key>
			<string>0</string>
		</dict>
		<key>E56802D411E998423F861044</key>
		<dict>
			<key>explicitFileType</key>
			<string>archive.ar</string>
			<key>includeInIndex</key>
			<string>0</string>
			<key>isa</key>
			<string>PBXFileReference</string>
			<key>path</key>
			<string>libPods-HGLHorizontalLabelView.a</string>
			<key>sourceTree</key>
			<string>BUILT_PRODUCTS_DIR</string>
		</dict>
		<key>FDD881EA4BBDEA1DAFC971FC</key>
		<dict>
			<key>children</key>
			<array>
				<string>E56802D411E998423F861044</string>
			</array>
			<key>isa</key>
			<string>PBXGroup</string>
			<key>name</key>
			<string>Frameworks</string>
			<key>sourceTree</key>
			<string>&lt;group&gt;</string>
		</dict>
	</dict>
	<key>rootObject</key>
	<string>854B9D3F1E1A3C1D00431AB9</string>
</dict>
</plist>
